{
  "nodes": {
    "home-manager": {
      "inputs": {
        "nixpkgs": [
          "nixpkgs"
        ]
      },
      "locked": {
        "lastModified": 1774293042,
        "narHash": "sha256-OEBV+Y5I4Ldu98k0KvGXRfJYh+jjE8ocCSL/dxTGs1s=",
        "owner": "nix-community",
        "repo": "home-manager",
        "rev": "bc357c75e3142a31b849ba49c5299fb52c61cf59",
        "type": "github"
      },
      "original": {
        "owner": "nix-community",
        "ref": "master",
        "repo": "home-manager",
        "type": "github"
      }
    },
    "nixpkgs": {
      "locked": {
        "lastModified": 1773821835,
        "narHash": "sha256-TJ3lSQtW0E2JrznGVm8hOQGVpXjJyXY2guAxku2O9A4=",
        "owner": "NixOS",
        "repo": "nixpkgs",
        "rev": "b40629efe5d6ec48dd1efba650c797ddbd39ace0",
        "type": "github"
      },
      "original": {
        "owner": "NixOS",
        "ref": "nixos-unstable",
        "repo": "nixpkgs",
        "type": "github"
      }
    },
    "nixpkgs_2": {
      "locked": {
        "lastModified": 1755615617,
        "narHash": "sha256-HMwfAJBdrr8wXAkbGhtcby1zGFvs+StOp19xNsbqdOg=",
        "owner": "nixos",
        "repo": "nixpkgs",
        "rev": "20075955deac2583bb12f07151c2df830ef346b4",
        "type": "github"
      },
      "original": {
        "owner": "nixos",
        "ref": "nixos-unstable",
        "repo": "nixpkgs",
        "type": "github"
      }
    },
    "plank-reloaded": {
      "inputs": {
        "nixpkgs": "nixpkgs_2"
      },
      "locked": {
        "lastModified": 1772649663,
        "narHash": "sha256-9n39dk3f+h94qJt/PCNRi/NsakTD0QOoNmoo/wJgj0k=",
        "owner": "zquestz",
        "repo": "plank-reloaded",
        "rev": "c35f5105ca37bcf657aee9828b0e93a5cf2f9628",
        "type": "github"
      },
      "original": {
        "owner": "zquestz",
        "repo": "plank-reloaded",
        "type": "github"
      }
    },
    "root": {
      "inputs": {
        "home-manager": "home-manager",
        "nixpkgs": "nixpkgs",
        "plank-reloaded": "plank-reloaded",
        "turntable-src": "turntable-src"
      }
    },
    "turntable-src": {
      "flake": false,
      "locked": {
        "lastModified": 1774013348,
        "narHash": "sha256-2Y1OIFZIOEi+24+DQRdPewJvSH7zwIJvqqt+nsCBKEg=",
        "ref": "refs/heads/main",
        "rev": "7142b33fc533c25027b38597852759b7e5d1e51a",
        "revCount": 167,
        "type": "git",
        "url": "https://codeberg.org/penwings/Turntable"
      },
      "original": {
        "type": "git",
        "url": "https://codeberg.org/penwings/Turntable"
      }
    }
  },
  "root": "root",
  "version": 7
}
